// !$*UTF8*$!
{
	archiveVersion = 1;
	classes = {
	};
	objectVersion = 56;
	objects = {

/* Begin PBXBuildFile section */
		143677482C726EAA00B53C11 /* iCloudTest111App.swift in Sources */ = {isa = PBXBuildFile; fileRef = 143677472C726EAA00B53C11 /* iCloudTest111App.swift */; };
		1436774A2C726EAA00B53C11 /* ContentView.swift in Sources */ = {isa = PBXBuildFile; fileRef = 143677492C726EAA00B53C11 /* ContentView.swift */; };
		1436774C2C726EAA00B53C11 /* Item.swift in Sources */ = {isa = PBXBuildFile; fileRef = 1436774B2C726EAA00B53C11 /* Item.swift */; };
		1436774E2C726EAC00B53C11 /* Assets.xcassets in Resources */ = {isa = PBXBuildFile; fileRef = 1436774D2C726EAC00B53C11 /* Assets.xcassets */; };
		143677512C726EAC00B53C11 /* Preview Assets.xcassets in Resources */ = {isa = PBXBuildFile; fileRef = 143677502C726EAC00B53C11 /* Preview Assets.xcassets */; };
		1436775B2C72821E00B53C11 /* ItemView.swift in Sources */ = {isa = PBXBuildFile; fileRef = 1436775A2C72821E00B53C11 /* ItemView.swift */; };
		1436775E2C7284A900B53C11 /* Message1View.swift in Sources */ = {isa = PBXBuildFile; fileRef = 1436775D2C7284A900B53C11 /* Message1View.swift */; };
		143677602C7284E900B53C11 /* Message1.swift in Sources */ = {isa = PBXBuildFile; fileRef = 1436775F2C7284E900B53C11 /* Message1.swift */; };
		143677622C72875800B53C11 /* DayData1.swift in Sources */ = {isa = PBXBuildFile; fileRef = 143677612C72875700B53C11 /* DayData1.swift */; };
		143677642C7287A700B53C11 /* DayData1View.swift in Sources */ = {isa = PBXBuildFile; fileRef = 143677632C7287A700B53C11 /* DayData1View.swift */; };
/* End PBXBuildFile section */

/* Begin PBXFileReference section */
		143677442C726EAA00B53C11 /* iCloudTest111.app */ = {isa = PBXFileReference; explicitFileType = wrapper.application; includeInIndex = 0; path = iCloudTest111.app; sourceTree = BUILT_PRODUCTS_DIR; };
		143677472C726EAA00B53C11 /* iCloudTest111App.swift */ = {isa = PBXFileReference; lastKnownFileType = sourcecode.swift; path = iCloudTest111App.swift; sourceTree = "<group>"; };
		143677492C726EAA00B53C11 /* ContentView.swift */ = {isa = PBXFileReference; lastKnownFileType = sourcecode.swift; path = ContentView.swift; sourceTree = "<group>"; };
		1436774B2C726EAA00B53C11 /* Item.swift */ = {isa = PBXFileReference; lastKnownFileType = sourcecode.swift; path = Item.swift; sourceTree = "<group>"; };
		1436774D2C726EAC00B53C11 /* Assets.xcassets */ = {isa = PBXFileReference; lastKnownFileType = folder.assetcatalog; path = Assets.xcassets; sourceTree = "<group>"; };
		143677502C726EAC00B53C11 /* Preview Assets.xcassets */ = {isa = PBXFileReference; lastKnownFileType = folder.assetcatalog; path = "Preview Assets.xcassets"; sourceTree = "<group>"; };
		143677572C726FCA00B53C11 /* iCloudTest111.entitlements */ = {isa = PBXFileReference; lastKnownFileType = text.plist.entitlements; path = iCloudTest111.entitlements; sourceTree = "<group>"; };
		143677582C72700600B53C11 /* Info.plist */ = {isa = PBXFileReference; lastKnownFileType = text.plist; path = Info.plist; sourceTree = "<group>"; };
		1436775A2C72821E00B53C11 /* ItemView.swift */ = {isa = PBXFileReference; lastKnownFileType = sourcecode.swift; path = ItemView.swift; sourceTree = "<group>"; };
		1436775D2C7284A900B53C11 /* Message1View.swift */ = {isa = PBXFileReference; lastKnownFileType = sourcecode.swift; path = Message1View.swift; sourceTree = "<group>"; };
		1436775F2C7284E900B53C11 /* Message1.swift */ = {isa = PBXFileReference; lastKnownFileType = sourcecode.swift; path = Message1.swift; sourceTree = "<group>"; };
		143677612C72875700B53C11 /* DayData1.swift */ = {isa = PBXFileReference; lastKnownFileType = sourcecode.swift; path = DayData1.swift; sourceTree = "<group>"; };
		143677632C7287A700B53C11 /* DayData1View.swift */ = {isa = PBXFileReference; lastKnownFileType = sourcecode.swift; path = DayData1View.swift; sourceTree = "<group>"; };
/* End PBXFileReference section */

/* Begin PBXFrameworksBuildPhase section */
		143677412C726EAA00B53C11 /* Frameworks */ = {
			isa = PBXFrameworksBuildPhase;
			buildActionMask = 2147483647;
			files = (
			);
			runOnlyForDeploymentPostprocessing = 0;
		};
/* End PBXFrameworksBuildPhase section */

/* Begin PBXGroup section */
		1436773B2C726EAA00B53C11 = {
			isa = PBXGroup;
			children = (
				143677462C726EAA00B53C11 /* iCloudTest111 */,
				143677452C726EAA00B53C11 /* Products */,
			);
			sourceTree = "<group>";
		};
		143677452C726EAA00B53C11 /* Products */ = {
			isa = PBXGroup;
			children = (
				143677442C726EAA00B53C11 /* iCloudTest111.app */,
			);
			name = Products;
			sourceTree = "<group>";
		};
		143677462C726EAA00B53C11 /* iCloudTest111 */ = {
			isa = PBXGroup;
			children = (
				143677582C72700600B53C11 /* Info.plist */,
				143677572C726FCA00B53C11 /* iCloudTest111.entitlements */,
				143677472C726EAA00B53C11 /* iCloudTest111App.swift */,
				143677492C726EAA00B53C11 /* ContentView.swift */,
				1436775C2C72849700B53C11 /* Views */,
				143677592C72820A00B53C11 /* Models */,
				1436774D2C726EAC00B53C11 /* Assets.xcassets */,
				1436774F2C726EAC00B53C11 /* Preview Content */,
			);
			path = iCloudTest111;
			sourceTree = "<group>";
		};
		1436774F2C726EAC00B53C11 /* Preview Content */ = {
			isa = PBXGroup;
			children = (
				143677502C726EAC00B53C11 /* Preview Assets.xcassets */,
			);
			path = "Preview Content";
			sourceTree = "<group>";
		};
		143677592C72820A00B53C11 /* Models */ = {
			isa = PBXGroup;
			children = (
				1436774B2C726EAA00B53C11 /* Item.swift */,
				1436775F2C7284E900B53C11 /* Message1.swift */,
				143677612C72875700B53C11 /* DayData1.swift */,
			);
			path = Models;
			sourceTree = "<group>";
		};
		1436775C2C72849700B53C11 /* Views */ = {
			isa = PBXGroup;
			children = (
				1436775A2C72821E00B53C11 /* ItemView.swift */,
				1436775D2C7284A900B53C11 /* Message1View.swift */,
				143677632C7287A700B53C11 /* DayData1View.swift */,
			);
			path = Views;
			sourceTree = "<group>";
		};
/* End PBXGroup section */

/* Begin PBXNativeTarget section */
		143677432C726EAA00B53C11 /* iCloudTest111 */ = {
			isa = PBXNativeTarget;
			buildConfigurationList = 143677542C726EAC00B53C11 /* Build configuration list for PBXNativeTarget "iCloudTest111" */;
			buildPhases = (
				143677402C726EAA00B53C11 /* Sources */,
				143677412C726EAA00B53C11 /* Frameworks */,
				143677422C726EAA00B53C11 /* Resources */,
			);
			buildRules = (
			);
			dependencies = (
			);
			name = iCloudTest111;
			productName = iCloudTest111;
			productReference = 143677442C726EAA00B53C11 /* iCloudTest111.app */;
			productType = "com.apple.product-type.application";
		};
/* End PBXNativeTarget section */

/* Begin PBXProject section */
		1436773C2C726EAA00B53C11 /* Project object */ = {
			isa = PBXProject;
			attributes = {
				BuildIndependentTargetsInParallel = 1;
				LastSwiftUpdateCheck = 1540;
				LastUpgradeCheck = 1540;
				TargetAttributes = {
					143677432C726EAA00B53C11 = {
						CreatedOnToolsVersion = 15.4;
					};
				};
			};
			buildConfigurationList = 1436773F2C726EAA00B53C11 /* Build configuration list for PBXProject "iCloudTest111" */;
			compatibilityVersion = "Xcode 14.0";
			developmentRegion = en;
			hasScannedForEncodings = 0;
			knownRegions = (
				en,
				Base,
			);
			mainGroup = 1436773B2C726EAA00B53C11;
			productRefGroup = 143677452C726EAA00B53C11 /* Products */;
			projectDirPath = "";
			projectRoot = "";
			targets = (
				143677432C726EAA00B53C11 /* iCloudTest111 */,
			);
		};
/* End PBXProject section */

/* Begin PBXResourcesBuildPhase section */
		143677422C726EAA00B53C11 /* Resources */ = {
			isa = PBXResourcesBuildPhase;
			buildActionMask = 2147483647;
			files = (
				143677512C726EAC00B53C11 /* Preview Assets.xcassets in Resources */,
				1436774E2C726EAC00B53C11 /* Assets.xcassets in Resources */,
			);
			runOnlyForDeploymentPostprocessing = 0;
		};
/* End PBXResourcesBuildPhase section */

/* Begin PBXSourcesBuildPhase section */
		143677402C726EAA00B53C11 /* Sources */ = {
			isa = PBXSourcesBuildPhase;
			buildActionMask = 2147483647;
			files = (
				143677622C72875800B53C11 /* DayData1.swift in Sources */,
				143677642C7287A700B53C11 /* DayData1View.swift in Sources */,
				1436774A2C726EAA00B53C11 /* ContentView.swift in Sources */,
				1436774C2C726EAA00B53C11 /* Item.swift in Sources */,
				143677482C726EAA00B53C11 /* iCloudTest111App.swift in Sources */,
				1436775B2C72821E00B53C11 /* ItemView.swift in Sources */,
				1436775E2C7284A900B53C11 /* Message1View.swift in Sources */,
				143677602C7284E900B53C11 /* Message1.swift in Sources */,
			);
			runOnlyForDeploymentPostprocessing = 0;
		};
/* End PBXSourcesBuildPhase section */

/* Begin XCBuildConfiguration section */
		143677522C726EAC00B53C11 /* Debug */ = {
			isa = XCBuildConfiguration;
			buildSettings = {
				ALWAYS_SEARCH_USER_PATHS = NO;
				ASSETCATALOG_COMPILER_GENERATE_SWIFT_ASSET_SYMBOL_EXTENSIONS = YES;
				CLANG_ANALYZER_NONNULL = YES;
				CLANG_ANALYZER_NUMBER_OBJECT_CONVERSION = YES_AGGRESSIVE;
				CLANG_CXX_LANGUAGE_STANDARD = "gnu++20";
				CLANG_ENABLE_MODULES = YES;
				CLANG_ENABLE_OBJC_ARC = YES;
				CLANG_ENABLE_OBJC_WEAK = YES;
				CLANG_WARN_BLOCK_CAPTURE_AUTORELEASING = YES;
				CLANG_WARN_BOOL_CONVERSION = YES;
				CLANG_WARN_COMMA = YES;
				CLANG_WARN_CONSTANT_CONVERSION = YES;
				CLANG_WARN_DEPRECATED_OBJC_IMPLEMENTATIONS = YES;
				CLANG_WARN_DIRECT_OBJC_ISA_USAGE = YES_ERROR;
				CLANG_WARN_DOCUMENTATION_COMMENTS = YES;
				CLANG_WARN_EMPTY_BODY = YES;
				CLANG_WARN_ENUM_CONVERSION = YES;
				CLANG_WARN_INFINITE_RECURSION = YES;
				CLANG_WARN_INT_CONVERSION = YES;
				CLANG_WARN_NON_LITERAL_NULL_CONVERSION = YES;
				CLANG_WARN_OBJC_IMPLICIT_RETAIN_SELF = YES;
				CLANG_WARN_OBJC_LITERAL_CONVERSION = YES;
				CLANG_WARN_OBJC_ROOT_CLASS = YES_ERROR;
				CLANG_WARN_QUOTED_INCLUDE_IN_FRAMEWORK_HEADER = YES;
				CLANG_WARN_RANGE_LOOP_ANALYSIS = YES;
				CLANG_WARN_STRICT_PROTOTYPES = YES;
				CLANG_WARN_SUSPICIOUS_MOVE = YES;
				CLANG_WARN_UNGUARDED_AVAILABILITY = YES_AGGRESSIVE;
				CLANG_WARN_UNREACHABLE_CODE = YES;
				CLANG_WARN__DUPLICATE_METHOD_MATCH = YES;
				COPY_PHASE_STRIP = NO;
				DEBUG_INFORMATION_FORMAT = dwarf;
				ENABLE_STRICT_OBJC_MSGSEND = YES;
				ENABLE_TESTABILITY = YES;
				ENABLE_USER_SCRIPT_SANDBOXING = YES;
				GCC_C_LANGUAGE_STANDARD = gnu17;
				GCC_DYNAMIC_NO_PIC = NO;
				GCC_NO_COMMON_BLOCKS = YES;
				GCC_OPTIMIZATION_LEVEL = 0;
				GCC_PREPROCESSOR_DEFINITIONS = (
					"DEBUG=1",
					"$(inherited)",
				);
				GCC_WARN_64_TO_32_BIT_CONVERSION = YES;
				GCC_WARN_ABOUT_RETURN_TYPE = YES_ERROR;
				GCC_WARN_UNDECLARED_SELECTOR = YES;
				GCC_WARN_UNINITIALIZED_AUTOS = YES_AGGRESSIVE;
				GCC_WARN_UNUSED_FUNCTION = YES;
				GCC_WARN_UNUSED_VARIABLE = YES;
				IPHONEOS_DEPLOYMENT_TARGET = 17.5;
				LOCALIZATION_PREFERS_STRING_CATALOGS = YES;
				MTL_ENABLE_DEBUG_INFO = INCLUDE_SOURCE;
				MTL_FAST_MATH = YES;
				ONLY_ACTIVE_ARCH = YES;
				SDKROOT = iphoneos;
				SWIFT_ACTIVE_COMPILATION_CONDITIONS = "DEBUG $(inherited)";
				SWIFT_OPTIMIZATION_LEVEL = "-Onone";
			};
			name = Debug;
		};
		143677532C726EAC00B53C11 /* Release */ = {
			isa = XCBuildConfiguration;
			buildSettings = {
				ALWAYS_SEARCH_USER_PATHS = NO;
				ASSETCATALOG_COMPILER_GENERATE_SWIFT_ASSET_SYMBOL_EXTENSIONS = YES;
				CLANG_ANALYZER_NONNULL = YES;
				CLANG_ANALYZER_NUMBER_OBJECT_CONVERSION = YES_AGGRESSIVE;
				CLANG_CXX_LANGUAGE_STANDARD = "gnu++20";
				CLANG_ENABLE_MODULES = YES;
				CLANG_ENABLE_OBJC_ARC = YES;
				CLANG_ENABLE_OBJC_WEAK = YES;
				CLANG_WARN_BLOCK_CAPTURE_AUTORELEASING = YES;
				CLANG_WARN_BOOL_CONVERSION = YES;
				CLANG_WARN_COMMA = YES;
				CLANG_WARN_CONSTANT_CONVERSION = YES;
				CLANG_WARN_DEPRECATED_OBJC_IMPLEMENTATIONS = YES;
				CLANG_WARN_DIRECT_OBJC_ISA_USAGE = YES_ERROR;
				CLANG_WARN_DOCUMENTATION_COMMENTS = YES;
				CLANG_WARN_EMPTY_BODY = YES;
				CLANG_WARN_ENUM_CONVERSION = YES;
				CLANG_WARN_INFINITE_RECURSION = YES;
				CLANG_WARN_INT_CONVERSION = YES;
				CLANG_WARN_NON_LITERAL_NULL_CONVERSION = YES;
				CLANG_WARN_OBJC_IMPLICIT_RETAIN_SELF = YES;
				CLANG_WARN_OBJC_LITERAL_CONVERSION = YES;
				CLANG_WARN_OBJC_ROOT_CLASS = YES_ERROR;
				CLANG_WARN_QUOTED_INCLUDE_IN_FRAMEWORK_HEADER = YES;
				CLANG_WARN_RANGE_LOOP_ANALYSIS = YES;
				CLANG_WARN_STRICT_PROTOTYPES = YES;
				CLANG_WARN_SUSPICIOUS_MOVE = YES;
				CLANG_WARN_UNGUARDED_AVAILABILITY = YES_AGGRESSIVE;
				CLANG_WARN_UNREACHABLE_CODE = YES;
				CLANG_WARN__DUPLICATE_METHOD_MATCH = YES;
				COPY_PHASE_STRIP = NO;
				DEBUG_INFORMATION_FORMAT = "dwarf-with-dsym";
				ENABLE_NS_ASSERTIONS = NO;
				ENABLE_STRICT_OBJC_MSGSEND = YES;
				ENABLE_USER_SCRIPT_SANDBOXING = YES;
				GCC_C_LANGUAGE_STANDARD = gnu17;
				GCC_NO_COMMON_BLOCKS = YES;
				GCC_WARN_64_TO_32_BIT_CONVERSION = YES;
				GCC_WARN_ABOUT_RETURN_TYPE = YES_ERROR;
				GCC_WARN_UNDECLARED_SELECTOR = YES;
				GCC_WARN_UNINITIALIZED_AUTOS = YES_AGGRESSIVE;
				GCC_WARN_UNUSED_FUNCTION = YES;
				GCC_WARN_UNUSED_VARIABLE = YES;
				IPHONEOS_DEPLOYMENT_TARGET = 17.5;
				LOCALIZATION_PREFERS_STRING_CATALOGS = YES;
				MTL_ENABLE_DEBUG_INFO = NO;
				MTL_FAST_MATH = YES;
				SDKROOT = iphoneos;
				SWIFT_COMPILATION_MODE = wholemodule;
				VALIDATE_PRODUCT = YES;
			};
			name = Release;
		};
		143677552C726EAC00B53C11 /* Debug */ = {
			isa = XCBuildConfiguration;
			buildSettings = {
				ASSETCATALOG_COMPILER_APPICON_NAME = AppIcon;
				ASSETCATALOG_COMPILER_GLOBAL_ACCENT_COLOR_NAME = AccentColor;
				CODE_SIGN_ENTITLEMENTS = iCloudTest111/iCloudTest111.entitlements;
				CODE_SIGN_STYLE = Automatic;
				CURRENT_PROJECT_VERSION = 1;
				DEVELOPMENT_ASSET_PATHS = "\"iCloudTest111/Preview Content\"";
				DEVELOPMENT_TEAM = SWP7JZ8MD8;
				ENABLE_PREVIEWS = YES;
				GENERATE_INFOPLIST_FILE = YES;
				INFOPLIST_FILE = iCloudTest111/Info.plist;
				INFOPLIST_KEY_UIApplicationSceneManifest_Generation = YES;
				INFOPLIST_KEY_UIApplicationSupportsIndirectInputEvents = YES;
				INFOPLIST_KEY_UILaunchScreen_Generation = YES;
				INFOPLIST_KEY_UISupportedInterfaceOrientations_iPad = "UIInterfaceOrientationPortrait UIInterfaceOrientationPortraitUpsideDown UIInterfaceOrientationLandscapeLeft UIInterfaceOrientationLandscapeRight";
				INFOPLIST_KEY_UISupportedInterfaceOrientations_iPhone = "UIInterfaceOrientationPortrait UIInterfaceOrientationLandscapeLeft UIInterfaceOrientationLandscapeRight";
				LD_RUNPATH_SEARCH_PATHS = (
					"$(inherited)",
					"@executable_path/Frameworks",
				);
				MARKETING_VERSION = 1.0;
				PRODUCT_BUNDLE_IDENTIFIER = com.AlfieLeFeuvre.iCloud.iCloudTest111;
				PRODUCT_NAME = "$(TARGET_NAME)";
				SWIFT_EMIT_LOC_STRINGS = YES;
				SWIFT_VERSION = 5.0;
				TARGETED_DEVICE_FAMILY = "1,2";
			};
			name = Debug;
		};
		143677562C726EAC00B53C11 /* Release */ = {
			isa = XCBuildConfiguration;
			buildSettings = {
				ASSETCATALOG_COMPILER_APPICON_NAME = AppIcon;
				ASSETCATALOG_COMPILER_GLOBAL_ACCENT_COLOR_NAME = AccentColor;
				CODE_SIGN_ENTITLEMENTS = iCloudTest111/iCloudTest111.entitlements;
				CODE_SIGN_STYLE = Automatic;
				CURRENT_PROJECT_VERSION = 1;
				DEVELOPMENT_ASSET_PATHS = "\"iCloudTest111/Preview Content\"";
				DEVELOPMENT_TEAM = SWP7JZ8MD8;
				ENABLE_PREVIEWS = YES;
				GENERATE_INFOPLIST_FILE = YES;
				INFOPLIST_FILE = iCloudTest111/Info.plist;
				INFOPLIST_KEY_UIApplicationSceneManifest_Generation = YES;
				INFOPLIST_KEY_UIApplicationSupportsIndirectInputEvents = YES;
				INFOPLIST_KEY_UILaunchScreen_Generation = YES;
				INFOPLIST_KEY_UISupportedInterfaceOrientations_iPad = "UIInterfaceOrientationPortrait UIInterfaceOrientationPortraitUpsideDown UIInterfaceOrientationLandscapeLeft UIInterfaceOrientationLandscapeRight";
				INFOPLIST_KEY_UISupportedInterfaceOrientations_iPhone = "UIInterfaceOrientationPortrait UIInterfaceOrientationLandscapeLeft UIInterfaceOrientationLandscapeRight";
				LD_RUNPATH_SEARCH_PATHS = (
					"$(inherited)",
					"@executable_path/Frameworks",
				);
				MARKETING_VERSION = 1.0;
				PRODUCT_BUNDLE_IDENTIFIER = com.AlfieLeFeuvre.iCloud.iCloudTest111;
				PRODUCT_NAME = "$(TARGET_NAME)";
				SWIFT_EMIT_LOC_STRINGS = YES;
				SWIFT_VERSION = 5.0;
				TARGETED_DEVICE_FAMILY = "1,2";
			};
			name = Release;
		};
/* End XCBuildConfiguration section */

/* Begin XCConfigurationList section */
		1436773F2C726EAA00B53C11 /* Build configuration list for PBXProject "iCloudTest111" */ = {
			isa = XCConfigurationList;
			buildConfigurations = (
				143677522C726EAC00B53C11 /* Debug */,
				143677532C726EAC00B53C11 /* Release */,
			);
			defaultConfigurationIsVisible = 0;
			defaultConfigurationName = Release;
		};
		143677542C726EAC00B53C11 /* Build configuration list for PBXNativeTarget "iCloudTest111" */ = {
			isa = XCConfigurationList;
			buildConfigurations = (
				143677552C726EAC00B53C11 /* Debug */,
				143677562C726EAC00B53C11 /* Release */,
			);
			defaultConfigurationIsVisible = 0;
			defaultConfigurationName = Release;
		};
/* End XCConfigurationList section */
	};
	rootObject = 1436773C2C726EAA00B53C11 /* Project object */;
}
